
Microsoft Visual Studio Solution File, Format Version 12.00
Project("{FAE04EC0-301F-11D3-BF4B-00C04F79EFBC}") = "PocketLedger.Api", "PocketLedger.Api\PocketLedger.Api.csproj", "{BA235752-CBEB-4AA0-95C9-7CB240F1DD60}"
EndProject
Project("{FAE04EC0-301F-11D3-BF4B-00C04F79EFBC}") = "PocketLedger.Infrastructure", "PocketLedger.Infrastructure\PocketLedger.Infrastructure.csproj", "{6C5A9C76-419E-48C4-922B-36B9A0D0A8F5}"
EndProject
Project("{FAE04EC0-301F-11D3-BF4B-00C04F79EFBC}") = "PocketLedger.Domain", "PocketLedger.Domain\PocketLedger.Domain.csproj", "{0E803EB5-46C4-4DA6-B8E4-EA5BD717A1B9}"
EndProject
Project("{FAE04EC0-301F-11D3-BF4B-00C04F79EFBC}") = "PocketLedger.Core", "PocketLedger.Core\PocketLedger.Core.csproj", "{2BB8B535-DC88-45F1-AC39-1CC934E2694F}"
EndProject
Project("{2150E333-8FDC-42A3-9474-1A3956D46DE8}") = "Tests", "Tests", "{DF6705EC-FC3A-4033-A7AE-96E3FA134714}"
EndProject
Project("{FAE04EC0-301F-11D3-BF4B-00C04F79EFBC}") = "PocketLedger.Core.UnitTests", "PocketLedger.Core.UnitTests\PocketLedger.Core.UnitTests.csproj", "{CDF3EFFA-63E8-4288-8DA7-B1C58EA4F56D}"
EndProject
Project("{FAE04EC0-301F-11D3-BF4B-00C04F79EFBC}") = "PocketLedger.Infrastructure.IntegrationTests", "PocketLedger.Infrastructure.IntegrationTests\PocketLedger.Infrastructure.IntegrationTests.csproj", "{41FB473E-D839-48EA-ACFA-3F599A50D81D}"
EndProject
Global
	GlobalSection(SolutionConfigurationPlatforms) = preSolution
		Debug|Any CPU = Debug|Any CPU
		Release|Any CPU = Release|Any CPU
	EndGlobalSection
	GlobalSection(ProjectConfigurationPlatforms) = postSolution
		{BA235752-CBEB-4AA0-95C9-7CB240F1DD60}.Debug|Any CPU.ActiveCfg = Debug|Any CPU
		{BA235752-CBEB-4AA0-95C9-7CB240F1DD60}.Debug|Any CPU.Build.0 = Debug|Any CPU
		{BA235752-CBEB-4AA0-95C9-7CB240F1DD60}.Release|Any CPU.ActiveCfg = Release|Any CPU
		{BA235752-CBEB-4AA0-95C9-7CB240F1DD60}.Release|Any CPU.Build.0 = Release|Any CPU
		{6C5A9C76-419E-48C4-922B-36B9A0D0A8F5}.Debug|Any CPU.ActiveCfg = Debug|Any CPU
		{6C5A9C76-419E-48C4-922B-36B9A0D0A8F5}.Debug|Any CPU.Build.0 = Debug|Any CPU
		{6C5A9C76-419E-48C4-922B-36B9A0D0A8F5}.Release|Any CPU.ActiveCfg = Release|Any CPU
		{6C5A9C76-419E-48C4-922B-36B9A0D0A8F5}.Release|Any CPU.Build.0 = Release|Any CPU
		{0E803EB5-46C4-4DA6-B8E4-EA5BD717A1B9}.Debug|Any CPU.ActiveCfg = Debug|Any CPU
		{0E803EB5-46C4-4DA6-B8E4-EA5BD717A1B9}.Debug|Any CPU.Build.0 = Debug|Any CPU
		{0E803EB5-46C4-4DA6-B8E4-EA5BD717A1B9}.Release|Any CPU.ActiveCfg = Release|Any CPU
		{0E803EB5-46C4-4DA6-B8E4-EA5BD717A1B9}.Release|Any CPU.Build.0 = Release|Any CPU
		{2BB8B535-DC88-45F1-AC39-1CC934E2694F}.Debug|Any CPU.ActiveCfg = Debug|Any CPU
		{2BB8B535-DC88-45F1-AC39-1CC934E2694F}.Debug|Any CPU.Build.0 = Debug|Any CPU
		{2BB8B535-DC88-45F1-AC39-1CC934E2694F}.Release|Any CPU.ActiveCfg = Release|Any CPU
		{2BB8B535-DC88-45F1-AC39-1CC934E2694F}.Release|Any CPU.Build.0 = Release|Any CPU
		{CDF3EFFA-63E8-4288-8DA7-B1C58EA4F56D}.Debug|Any CPU.ActiveCfg = Debug|Any CPU
		{CDF3EFFA-63E8-4288-8DA7-B1C58EA4F56D}.Debug|Any CPU.Build.0 = Debug|Any CPU
		{CDF3EFFA-63E8-4288-8DA7-B1C58EA4F56D}.Release|Any CPU.ActiveCfg = Release|Any CPU
		{CDF3EFFA-63E8-4288-8DA7-B1C58EA4F56D}.Release|Any CPU.Build.0 = Release|Any CPU
		{41FB473E-D839-48EA-ACFA-3F599A50D81D}.Debug|Any CPU.ActiveCfg = Debug|Any CPU
		{41FB473E-D839-48EA-ACFA-3F599A50D81D}.Debug|Any CPU.Build.0 = Debug|Any CPU
		{41FB473E-D839-48EA-ACFA-3F599A50D81D}.Release|Any CPU.ActiveCfg = Release|Any CPU
		{41FB473E-D839-48EA-ACFA-3F599A50D81D}.Release|Any CPU.Build.0 = Release|Any CPU
	EndGlobalSection
	GlobalSection(NestedProjects) = preSolution
		{CDF3EFFA-63E8-4288-8DA7-B1C58EA4F56D} = {DF6705EC-FC3A-4033-A7AE-96E3FA134714}
		{41FB473E-D839-48EA-ACFA-3F599A50D81D} = {DF6705EC-FC3A-4033-A7AE-96E3FA134714}
	EndGlobalSection
EndGlobal
